
Microsoft Visual Studio Solution File, Format Version 11.00
# Visual Studio 2010
Project("{FAE04EC0-301F-11D3-BF4B-00C04F79EFBC}") = "DNE.WebMedia", "DNE.WebMedia\DNE.WebMedia.csproj", "{364C4790-5E7E-4B31-ADF7-00911AAE84DD}"
EndProject
Project("{FAE04EC0-301F-11D3-BF4B-00C04F79EFBC}") = "DNE.WebMedia.Common", "DNE.WebMedia.Common\DNE.WebMedia.Common.csproj", "{256493FE-2643-4BB2-B676-8A9598D2795C}"
EndProject
Project("{FAE04EC0-301F-11D3-BF4B-00C04F79EFBC}") = "DNE.WebMedia.Client", "DNE.WebMedia.Client\DNE.WebMedia.Client.csproj", "{E26408AD-7AED-4D09-8222-AB246E95EE54}"
EndProject
Global
	GlobalSection(SubversionScc) = preSolution
		Svn-Managed = True
		Manager = AnkhSVN - Subversion Support for Visual Studio
	EndGlobalSection
	GlobalSection(SolutionConfigurationPlatforms) = preSolution
		Debug|Any CPU = Debug|Any CPU
		Debug|Mixed Platforms = Debug|Mixed Platforms
		Debug|x86 = Debug|x86
		Release|Any CPU = Release|Any CPU
		Release|Mixed Platforms = Release|Mixed Platforms
		Release|x86 = Release|x86
	EndGlobalSection
	GlobalSection(ProjectConfigurationPlatforms) = postSolution
		{364C4790-5E7E-4B31-ADF7-00911AAE84DD}.Debug|Any CPU.ActiveCfg = Debug|Any CPU
		{364C4790-5E7E-4B31-ADF7-00911AAE84DD}.Debug|Any CPU.Build.0 = Debug|Any CPU
		{364C4790-5E7E-4B31-ADF7-00911AAE84DD}.Debug|Mixed Platforms.ActiveCfg = Debug|Any CPU
		{364C4790-5E7E-4B31-ADF7-00911AAE84DD}.Debug|Mixed Platforms.Build.0 = Debug|Any CPU
		{364C4790-5E7E-4B31-ADF7-00911AAE84DD}.Debug|x86.ActiveCfg = Debug|Any CPU
		{364C4790-5E7E-4B31-ADF7-00911AAE84DD}.Release|Any CPU.ActiveCfg = Release|Any CPU
		{364C4790-5E7E-4B31-ADF7-00911AAE84DD}.Release|Any CPU.Build.0 = Release|Any CPU
		{364C4790-5E7E-4B31-ADF7-00911AAE84DD}.Release|Mixed Platforms.ActiveCfg = Release|Any CPU
		{364C4790-5E7E-4B31-ADF7-00911AAE84DD}.Release|Mixed Platforms.Build.0 = Release|Any CPU
		{364C4790-5E7E-4B31-ADF7-00911AAE84DD}.Release|x86.ActiveCfg = Release|Any CPU
		{256493FE-2643-4BB2-B676-8A9598D2795C}.Debug|Any CPU.ActiveCfg = Debug|Any CPU
		{256493FE-2643-4BB2-B676-8A9598D2795C}.Debug|Any CPU.Build.0 = Debug|Any CPU
		{256493FE-2643-4BB2-B676-8A9598D2795C}.Debug|Mixed Platforms.ActiveCfg = Debug|Any CPU
		{256493FE-2643-4BB2-B676-8A9598D2795C}.Debug|Mixed Platforms.Build.0 = Debug|Any CPU
		{256493FE-2643-4BB2-B676-8A9598D2795C}.Debug|x86.ActiveCfg = Debug|Any CPU
		{256493FE-2643-4BB2-B676-8A9598D2795C}.Release|Any CPU.ActiveCfg = Release|Any CPU
		{256493FE-2643-4BB2-B676-8A9598D2795C}.Release|Any CPU.Build.0 = Release|Any CPU
		{256493FE-2643-4BB2-B676-8A9598D2795C}.Release|Mixed Platforms.ActiveCfg = Release|Any CPU
		{256493FE-2643-4BB2-B676-8A9598D2795C}.Release|Mixed Platforms.Build.0 = Release|Any CPU
		{256493FE-2643-4BB2-B676-8A9598D2795C}.Release|x86.ActiveCfg = Release|Any CPU
		{E26408AD-7AED-4D09-8222-AB246E95EE54}.Debug|Any CPU.ActiveCfg = Debug|x86
		{E26408AD-7AED-4D09-8222-AB246E95EE54}.Debug|Mixed Platforms.ActiveCfg = Debug|x86
		{E26408AD-7AED-4D09-8222-AB246E95EE54}.Debug|Mixed Platforms.Build.0 = Debug|x86
		{E26408AD-7AED-4D09-8222-AB246E95EE54}.Debug|x86.ActiveCfg = Debug|x86
		{E26408AD-7AED-4D09-8222-AB246E95EE54}.Debug|x86.Build.0 = Debug|x86
		{E26408AD-7AED-4D09-8222-AB246E95EE54}.Release|Any CPU.ActiveCfg = Release|x86
		{E26408AD-7AED-4D09-8222-AB246E95EE54}.Release|Mixed Platforms.ActiveCfg = Release|x86
		{E26408AD-7AED-4D09-8222-AB246E95EE54}.Release|Mixed Platforms.Build.0 = Release|x86
		{E26408AD-7AED-4D09-8222-AB246E95EE54}.Release|x86.ActiveCfg = Release|x86
		{E26408AD-7AED-4D09-8222-AB246E95EE54}.Release|x86.Build.0 = Release|x86
	EndGlobalSection
	GlobalSection(SolutionProperties) = preSolution
		HideSolutionNode = FALSE
	EndGlobalSection
EndGlobal
